<?xml version="1.0" encoding="utf-8"?>
<Project ToolsVersion="4.0" xmlns="http://schemas.microsoft.com/developer/msbuild/2003">
  <ItemGroup>
    <Filter Include="소스 파일">
      <UniqueIdentifier>{4FC737F1-C7A5-4376-A066-2A32D752A2FF}</UniqueIdentifier>
      <Extensions>cpp;c;cc;cxx;c++;cppm;ixx;def;odl;idl;hpj;bat;asm;asmx</Extensions>
    </Filter>
    <Filter Include="헤더 파일">
      <UniqueIdentifier>{93995380-89BD-4b04-88EB-625FBE52EBFB}</UniqueIdentifier>
      <Extensions>h;hh;hpp;hxx;h++;hm;inl;inc;ipp;xsd</Extensions>
    </Filter>
    <Filter Include="리소스 파일">
      <UniqueIdentifier>{67DA6AB6-F800-4c08-8B7A-83BB121AAD01}</UniqueIdentifier>
      <Extensions>rc;ico;cur;bmp;dlg;rc2;rct;bin;rgs;gif;jpg;jpeg;jpe;resx;tiff;tif;png;wav;mfcribbon-ms</Extensions>
    </Filter>
  </ItemGroup>
  <ItemGroup>
    <ClInclude Include="Network\NetService\NetService.h">
      <Filter>헤더 파일</Filter>
    </ClInclude>
    <ClInclude Include="Util\Macro.h">
      <Filter>헤더 파일</Filter>
    </ClInclude>
    <ClInclude Include="Network\Socket\SocketUtil.h">
      <Filter>헤더 파일</Filter>
    </ClInclude>
    <ClInclude Include="Network\NetService\INetService.h">
      <Filter>헤더 파일</Filter>
    </ClInclude>
    <ClInclude Include="Network\NetService\NetServer.h">
      <Filter>헤더 파일</Filter>
    </ClInclude>
    <ClInclude Include="Network\Connection\Listener.h">
      <Filter>헤더 파일</Filter>
    </ClInclude>
    <ClInclude Include="Network\Connection\Session.h">
      <Filter>헤더 파일</Filter>
    </ClInclude>
    <ClInclude Include="Network\Core\IoContext.h">
      <Filter>헤더 파일</Filter>
    </ClInclude>
    <ClInclude Include="Network\Core\IIoCompletionHandler.h">
      <Filter>헤더 파일</Filter>
    </ClInclude>
    <ClInclude Include="Network\Core\IocpDispatcher.h">
      <Filter>헤더 파일</Filter>
    </ClInclude>
    <ClInclude Include="Util\Singleton.h">
      <Filter>헤더 파일</Filter>
    </ClInclude>
    <ClInclude Include="Network\WinsockSetup.h">
      <Filter>헤더 파일</Filter>
    </ClInclude>
    <ClInclude Include="Thread\ThreadLocalStorage.h">
      <Filter>헤더 파일</Filter>
    </ClInclude>
    <ClInclude Include="Memory\Resource\StompResource.h">
      <Filter>헤더 파일</Filter>
    </ClInclude>
    <ClInclude Include="Memory\Container.h">
      <Filter>헤더 파일</Filter>
    </ClInclude>
    <ClInclude Include="Memory\Memory.h">
      <Filter>헤더 파일</Filter>
    </ClInclude>
    <ClInclude Include="Memory\Resource\StompSlimResource.h">
      <Filter>헤더 파일</Filter>
    </ClInclude>
    <ClInclude Include="Memory\Allocator.h">
      <Filter>헤더 파일</Filter>
    </ClInclude>
    <ClInclude Include="Memory\Config.h">
      <Filter>헤더 파일</Filter>
    </ClInclude>
    <ClInclude Include="Task\ThreadPool.h">
      <Filter>헤더 파일</Filter>
    </ClInclude>
    <ClInclude Include="WinCommon.h">
      <Filter>헤더 파일</Filter>
    </ClInclude>
    <ClInclude Include="Lock\ILock.h">
      <Filter>헤더 파일</Filter>
    </ClInclude>
    <ClInclude Include="Lock\LockGuard.h">
      <Filter>헤더 파일</Filter>
    </ClInclude>
    <ClInclude Include="Lock\SpinLock.h">
      <Filter>헤더 파일</Filter>
    </ClInclude>
    <ClInclude Include="Task\Job.h">
      <Filter>헤더 파일</Filter>
    </ClInclude>
    <ClInclude Include="Task\Scheduler.h">
      <Filter>헤더 파일</Filter>
    </ClInclude>
    <ClInclude Include="Memory\LockedQueue.h">
      <Filter>헤더 파일</Filter>
    </ClInclude>
    <ClInclude Include="Util\TimeUtil.h">
      <Filter>헤더 파일</Filter>
    </ClInclude>
    <ClInclude Include="Util\StringUtil.h">
      <Filter>헤더 파일</Filter>
    </ClInclude>
    <ClInclude Include="Task\IJobQueue.h">
      <Filter>헤더 파일</Filter>
    </ClInclude>
    <ClInclude Include="Task\TaskUtil.h">
      <Filter>헤더 파일</Filter>
    </ClInclude>
    <ClInclude Include="Network\Connection\SessionManager.h">
      <Filter>헤더 파일</Filter>
    </ClInclude>
    <ClInclude Include="Network\Socket\SocketPool.h">
      <Filter>헤더 파일</Filter>
    </ClInclude>
    <ClInclude Include="Network\NetConfig.h">
      <Filter>헤더 파일</Filter>
    </ClInclude>
    <ClInclude Include="Network\NetService\NetClient.h">
      <Filter>헤더 파일</Filter>
    </ClInclude>
    <ClInclude Include="Lock\SharedSpinLock.h">
      <Filter>헤더 파일</Filter>
    </ClInclude>
    <ClInclude Include="Memory\ObjectPool.h">
      <Filter>헤더 파일</Filter>
    </ClInclude>
    <ClInclude Include="Network\NetCommon.h">
      <Filter>헤더 파일</Filter>
    </ClInclude>
    <ClInclude Include="Lock.h">
      <Filter>헤더 파일</Filter>
    </ClInclude>
    <ClInclude Include="Network\Buffer\BufferReader.h">
      <Filter>헤더 파일</Filter>
    </ClInclude>
    <ClInclude Include="Log\Logger.h">
      <Filter>헤더 파일</Filter>
    </ClInclude>
    <ClInclude Include="Log\ILogStream.h">
      <Filter>헤더 파일</Filter>
    </ClInclude>
    <ClInclude Include="Log\ConsoleLog.h">
      <Filter>헤더 파일</Filter>
    </ClInclude>
    <ClInclude Include="Log\FileLog.h">
      <Filter>헤더 파일</Filter>
    </ClInclude>
    <ClInclude Include="Log\LogMessage.h">
      <Filter>헤더 파일</Filter>
    </ClInclude>
    <ClInclude Include="Log.h">
      <Filter>헤더 파일</Filter>
    </ClInclude>
    <ClInclude Include="Command\CmdService.h">
      <Filter>헤더 파일</Filter>
    </ClInclude>
    <ClInclude Include="Thread\WorkerThread.h">
      <Filter>헤더 파일</Filter>
    </ClInclude>
    <ClInclude Include="Network\Buffer\AsyncSendQueue.h">
      <Filter>헤더 파일</Filter>
    </ClInclude>
    <ClInclude Include="Memory\Buffer.h">
      <Filter>헤더 파일</Filter>
    </ClInclude>
    <ClInclude Include="Network\Buffer\PacketBuffer.h">
      <Filter>헤더 파일</Filter>
    </ClInclude>
    <ClInclude Include="Util\RandomUtil.h">
      <Filter>헤더 파일</Filter>
    </ClInclude>
    <ClInclude Include="Memory\Resource\LogResourceWrapper.h">
      <Filter>헤더 파일</Filter>
    </ClInclude>
    <ClInclude Include="DB\DBConnection.h">
      <Filter>헤더 파일</Filter>
    </ClInclude>
    <ClInclude Include="DB\DBConnectionPool.h">
      <Filter>헤더 파일</Filter>
    </ClInclude>
    <ClInclude Include="DB\DBQuery.h">
      <Filter>헤더 파일</Filter>
    </ClInclude>
    <ClInclude Include="DB\DBTypes.h">
      <Filter>헤더 파일</Filter>
    </ClInclude>
    <ClInclude Include="Task\JobQueue.h">
      <Filter>헤더 파일</Filter>
    </ClInclude>
    <ClInclude Include="core.h">
      <Filter>헤더 파일</Filter>
    </ClInclude>
  </ItemGroup>
  <ItemGroup>
    <ClCompile Include="Network\NetService\NetService.cpp">
      <Filter>소스 파일</Filter>
    </ClCompile>
    <ClCompile Include="Network\Socket\SocketUtil.cpp">
      <Filter>소스 파일</Filter>
    </ClCompile>
    <ClCompile Include="Network\NetService\NetServer.cpp">
      <Filter>소스 파일</Filter>
    </ClCompile>
    <ClCompile Include="Network\Connection\Listener.cpp">
      <Filter>소스 파일</Filter>
    </ClCompile>
    <ClCompile Include="Network\Connection\Session.cpp">
      <Filter>소스 파일</Filter>
    </ClCompile>
    <ClCompile Include="Network\Core\IocpDispatcher.cpp">
      <Filter>소스 파일</Filter>
    </ClCompile>
    <ClCompile Include="Network\WinsockSetup.cpp">
      <Filter>소스 파일</Filter>
    </ClCompile>
    <ClCompile Include="Memory\Resource\StompResource.cpp">
      <Filter>소스 파일</Filter>
    </ClCompile>
    <ClCompile Include="Memory\Resource\StompSlimResource.cpp">
      <Filter>소스 파일</Filter>
    </ClCompile>
    <ClCompile Include="Task\ThreadPool.cpp">
      <Filter>소스 파일</Filter>
    </ClCompile>
    <ClCompile Include="Lock\SpinLock.cpp">
      <Filter>소스 파일</Filter>
    </ClCompile>
    <ClCompile Include="Task\Scheduler.cpp">
      <Filter>소스 파일</Filter>
    </ClCompile>
    <ClCompile Include="Util\TimeUtil.cpp">
      <Filter>소스 파일</Filter>
    </ClCompile>
    <ClCompile Include="Network\Connection\SessionManager.cpp">
      <Filter>소스 파일</Filter>
    </ClCompile>
    <ClCompile Include="Network\InternalNetwork.h">
      <Filter>소스 파일</Filter>
    </ClCompile>
    <ClCompile Include="Network\Socket\SocketPool.cpp">
      <Filter>소스 파일</Filter>
    </ClCompile>
    <ClCompile Include="Network\NetService\NetClient.cpp">
      <Filter>소스 파일</Filter>
    </ClCompile>
    <ClCompile Include="Lock\SharedSpinLock.cpp">
      <Filter>소스 파일</Filter>
    </ClCompile>
    <ClCompile Include="Log\ConsoleLog.cpp">
      <Filter>소스 파일</Filter>
    </ClCompile>
    <ClCompile Include="Log\FileLog.cpp">
      <Filter>소스 파일</Filter>
    </ClCompile>
    <ClCompile Include="Command\CmdService.cpp">
      <Filter>소스 파일</Filter>
    </ClCompile>
    <ClCompile Include="Thread\WorkerThread.cpp">
      <Filter>소스 파일</Filter>
    </ClCompile>
    <ClCompile Include="Network\Buffer\AsyncSendQueue.cpp">
      <Filter>소스 파일</Filter>
    </ClCompile>
    <ClCompile Include="Network\Buffer\BufferReader.cpp">
      <Filter>소스 파일</Filter>
    </ClCompile>
    <ClCompile Include="Util\Macro.cpp">
      <Filter>소스 파일</Filter>
    </ClCompile>
    <ClCompile Include="Util\StringUtil.cpp">
      <Filter>소스 파일</Filter>
    </ClCompile>
    <ClCompile Include="Memory\Resource\LogResourceWrapper.cpp">
      <Filter>소스 파일</Filter>
    </ClCompile>
    <ClCompile Include="DB\DBConnection.cpp">
      <Filter>소스 파일</Filter>
    </ClCompile>
    <ClCompile Include="DB\DBConnectionPool.cpp">
      <Filter>소스 파일</Filter>
    </ClCompile>
    <ClCompile Include="Task\JobQueue.cpp">
      <Filter>소스 파일</Filter>
    </ClCompile>
  </ItemGroup>
</Project>